
Microsoft Visual Studio Solution File, Format Version 12.00
# Visual Studio 2013
VisualStudioVersion = 12.0.30501.0
MinimumVisualStudioVersion = 10.0.40219.1
Project("{FAE04EC0-301F-11D3-BF4B-00C04F79EFBC}") = "Iterator", "Iterator\Iterator.csproj", "{97D2D888-2EBF-48C2-AFDB-422089ABC4EE}"
EndProject
Project("{FAE04EC0-301F-11D3-BF4B-00C04F79EFBC}") = "Iterator.Test", "Iterator.Test\Iterator.Test.csproj", "{3581CB2F-6730-4C4A-AF2A-FBD50623111F}"
EndProject
Global
	GlobalSection(SolutionConfigurationPlatforms) = preSolution
		Debug|Any CPU = Debug|Any CPU
		Release|Any CPU = Release|Any CPU
	EndGlobalSection
	GlobalSection(ProjectConfigurationPlatforms) = postSolution
		{97D2D888-2EBF-48C2-AFDB-422089ABC4EE}.Debug|Any CPU.ActiveCfg = Debug|Any CPU
		{97D2D888-2EBF-48C2-AFDB-422089ABC4EE}.Debug|Any CPU.Build.0 = Debug|Any CPU
		{97D2D888-2EBF-48C2-AFDB-422089ABC4EE}.Release|Any CPU.ActiveCfg = Release|Any CPU
		{97D2D888-2EBF-48C2-AFDB-422089ABC4EE}.Release|Any CPU.Build.0 = Release|Any CPU
		{3581CB2F-6730-4C4A-AF2A-FBD50623111F}.Debug|Any CPU.ActiveCfg = Debug|Any CPU
		{3581CB2F-6730-4C4A-AF2A-FBD50623111F}.Debug|Any CPU.Build.0 = Debug|Any CPU
		{3581CB2F-6730-4C4A-AF2A-FBD50623111F}.Release|Any CPU.ActiveCfg = Release|Any CPU
		{3581CB2F-6730-4C4A-AF2A-FBD50623111F}.Release|Any CPU.Build.0 = Release|Any CPU
	EndGlobalSection
	GlobalSection(SolutionProperties) = preSolution
		HideSolutionNode = FALSE
	EndGlobalSection
EndGlobal
