
Microsoft Visual Studio Solution File, Format Version 12.00
# Visual Studio 2013
VisualStudioVersion = 12.0.30501.0
MinimumVisualStudioVersion = 10.0.40219.1
Project("{FAE04EC0-301F-11D3-BF4B-00C04F79EFBC}") = "UniqueList", "UniqueList\UniqueList.csproj", "{35251E29-53CF-432E-9806-33017756E201}"
EndProject
Project("{FAE04EC0-301F-11D3-BF4B-00C04F79EFBC}") = "UniqueList.Test", "UniqueList.Test\UniqueList.Test.csproj", "{C700D93C-F62A-4787-ACF3-DCEB3E217B76}"
EndProject
Global
	GlobalSection(SolutionConfigurationPlatforms) = preSolution
		Debug|Any CPU = Debug|Any CPU
		Release|Any CPU = Release|Any CPU
	EndGlobalSection
	GlobalSection(ProjectConfigurationPlatforms) = postSolution
		{35251E29-53CF-432E-9806-33017756E201}.Debug|Any CPU.ActiveCfg = Debug|Any CPU
		{35251E29-53CF-432E-9806-33017756E201}.Debug|Any CPU.Build.0 = Debug|Any CPU
		{35251E29-53CF-432E-9806-33017756E201}.Release|Any CPU.ActiveCfg = Release|Any CPU
		{35251E29-53CF-432E-9806-33017756E201}.Release|Any CPU.Build.0 = Release|Any CPU
		{C700D93C-F62A-4787-ACF3-DCEB3E217B76}.Debug|Any CPU.ActiveCfg = Debug|Any CPU
		{C700D93C-F62A-4787-ACF3-DCEB3E217B76}.Debug|Any CPU.Build.0 = Debug|Any CPU
		{C700D93C-F62A-4787-ACF3-DCEB3E217B76}.Release|Any CPU.ActiveCfg = Release|Any CPU
		{C700D93C-F62A-4787-ACF3-DCEB3E217B76}.Release|Any CPU.Build.0 = Release|Any CPU
	EndGlobalSection
	GlobalSection(SolutionProperties) = preSolution
		HideSolutionNode = FALSE
	EndGlobalSection
EndGlobal
