
Microsoft Visual Studio Solution File, Format Version 12.00
# Visual Studio 2013
VisualStudioVersion = 12.0.30501.0
MinimumVisualStudioVersion = 10.0.40219.1
Project("{FAE04EC0-301F-11D3-BF4B-00C04F79EFBC}") = "ListFold", "ListFold\ListFold.csproj", "{D1E0FB30-931E-4C06-856A-B07F3F85BD70}"
EndProject
Project("{FAE04EC0-301F-11D3-BF4B-00C04F79EFBC}") = "ListFold.Test", "ListFold.Test\ListFold.Test.csproj", "{FD43E821-1F3E-4B8E-BE7F-A818BF7FCC5C}"
EndProject
Global
	GlobalSection(SolutionConfigurationPlatforms) = preSolution
		Debug|Any CPU = Debug|Any CPU
		Release|Any CPU = Release|Any CPU
	EndGlobalSection
	GlobalSection(ProjectConfigurationPlatforms) = postSolution
		{D1E0FB30-931E-4C06-856A-B07F3F85BD70}.Debug|Any CPU.ActiveCfg = Debug|Any CPU
		{D1E0FB30-931E-4C06-856A-B07F3F85BD70}.Debug|Any CPU.Build.0 = Debug|Any CPU
		{D1E0FB30-931E-4C06-856A-B07F3F85BD70}.Release|Any CPU.ActiveCfg = Release|Any CPU
		{D1E0FB30-931E-4C06-856A-B07F3F85BD70}.Release|Any CPU.Build.0 = Release|Any CPU
		{FD43E821-1F3E-4B8E-BE7F-A818BF7FCC5C}.Debug|Any CPU.ActiveCfg = Debug|Any CPU
		{FD43E821-1F3E-4B8E-BE7F-A818BF7FCC5C}.Debug|Any CPU.Build.0 = Debug|Any CPU
		{FD43E821-1F3E-4B8E-BE7F-A818BF7FCC5C}.Release|Any CPU.ActiveCfg = Release|Any CPU
		{FD43E821-1F3E-4B8E-BE7F-A818BF7FCC5C}.Release|Any CPU.Build.0 = Release|Any CPU
	EndGlobalSection
	GlobalSection(SolutionProperties) = preSolution
		HideSolutionNode = FALSE
	EndGlobalSection
EndGlobal
