
Microsoft Visual Studio Solution File, Format Version 12.00
# Visual Studio 2013
VisualStudioVersion = 12.0.30501.0
MinimumVisualStudioVersion = 10.0.40219.1
Project("{F2A71F9B-5D33-465A-A702-920D77279786}") = "TreeMap", "TreeMap\TreeMap.fsproj", "{CA84E1A7-C045-457D-A3D5-50E848664AB3}"
EndProject
Global
	GlobalSection(SolutionConfigurationPlatforms) = preSolution
		Debug|Any CPU = Debug|Any CPU
		Release|Any CPU = Release|Any CPU
	EndGlobalSection
	GlobalSection(ProjectConfigurationPlatforms) = postSolution
		{CA84E1A7-C045-457D-A3D5-50E848664AB3}.Debug|Any CPU.ActiveCfg = Debug|Any CPU
		{CA84E1A7-C045-457D-A3D5-50E848664AB3}.Debug|Any CPU.Build.0 = Debug|Any CPU
		{CA84E1A7-C045-457D-A3D5-50E848664AB3}.Release|Any CPU.ActiveCfg = Release|Any CPU
		{CA84E1A7-C045-457D-A3D5-50E848664AB3}.Release|Any CPU.Build.0 = Release|Any CPU
	EndGlobalSection
	GlobalSection(SolutionProperties) = preSolution
		HideSolutionNode = FALSE
	EndGlobalSection
EndGlobal
