
Microsoft Visual Studio Solution File, Format Version 12.00
# Visual Studio 2013
VisualStudioVersion = 12.0.30501.0
MinimumVisualStudioVersion = 10.0.40219.1
Project("{8BC9CEB8-8B4A-11D0-8D11-00A0C91BC942}") = "SpanningTree", "SpanningTree.vcxproj", "{1659852F-DB56-47DD-878D-3828BE2E2C74}"
EndProject
Global
	GlobalSection(SolutionConfigurationPlatforms) = preSolution
		Debug|Win32 = Debug|Win32
		Release|Win32 = Release|Win32
	EndGlobalSection
	GlobalSection(ProjectConfigurationPlatforms) = postSolution
		{1659852F-DB56-47DD-878D-3828BE2E2C74}.Debug|Win32.ActiveCfg = Debug|Win32
		{1659852F-DB56-47DD-878D-3828BE2E2C74}.Debug|Win32.Build.0 = Debug|Win32
		{1659852F-DB56-47DD-878D-3828BE2E2C74}.Release|Win32.ActiveCfg = Release|Win32
		{1659852F-DB56-47DD-878D-3828BE2E2C74}.Release|Win32.Build.0 = Release|Win32
	EndGlobalSection
	GlobalSection(SolutionProperties) = preSolution
		HideSolutionNode = FALSE
	EndGlobalSection
EndGlobal
